{
  "name": "handwritewangyiyun",
  "version": "1.0.0",
  "lockfileVersion": 1,
  "requires": true,
  "dependencies": {
    "pubsub-js": {
      "version": "1.9.2",
      "resolved": "https://registry.npmjs.org/pubsub-js/-/pubsub-js-1.9.2.tgz",
      "integrity": "sha512-t+djzDvEKv4GoP5nPJ5Ar5h+4MrwPw+C9/9l75GV8TzO49HezXnxR1G6E/QJZdE2EDsXRNMu6O9MFjpjkSV7zg=="
    }
  }
}
